# This file is autogenerated, do not edit; changes may be undone by the next 'dep ensure'.


[[projects]]
  branch = "master"
  name = "github.com/Azure/go-ansiterm"
  packages = [".","winterm"]
  revision = "d6e3b3328b783f23731bc4d058875b0371ff8109"

[[projects]]
  branch = "master"
  name = "github.com/alecthomas/template"
  packages = [".","parse"]
  revision = "a0175ee3bccc567396460bf5acd36800cb10c49c"

[[projects]]
  branch = "master"
  name = "github.com/alecthomas/units"
  packages = ["."]
  revision = "2efee857e7cfd4f3d0138cc3cbb1b4966962b93a"

[[projects]]
  name = "github.com/aws/aws-sdk-go"
  packages = ["aws","aws/awserr","aws/awsutil","aws/client","aws/client/metadata","aws/corehandlers","aws/credentials","aws/credentials/ec2rolecreds","aws/credentials/endpointcreds","aws/credentials/stscreds","aws/defaults","aws/ec2metadata","aws/endpoints","aws/request","aws/session","aws/signer/v4","internal/shareddefaults","private/protocol","private/protocol/json/jsonutil","private/protocol/jsonrpc","private/protocol/query","private/protocol/query/queryutil","private/protocol/rest","private/protocol/xml/xmlutil","service/dynamodb","service/dynamodb/dynamodbattribute","service/sts"]
  revision = "25ef42b41b82230caae56ab23d872c81fb5c0eae"
  version = "v1.12.46"

[[projects]]
  name = "github.com/beevik/etree"
  packages = ["."]
  revision = "15a30b44cfd6c5a16a7ddfe271bf146aaf2d3195"
  version = "v1.0.0"

[[projects]]
  branch = "master"
  name = "github.com/beorn7/perks"
  packages = ["quantile"]
  revision = "4c0e84591b9aa9e6dcfdf3e020114cd81f89d5f9"

[[projects]]
  name = "github.com/boltdb/bolt"
  packages = ["."]
  revision = "2f1ce7a837dcb8da3ec595b1dac9d0632f0f99e8"
  version = "v1.3.1"

[[projects]]
  name = "github.com/boombuler/barcode"
  packages = [".","qr","utils"]
  revision = "3cfea5ab600ae37946be2b763b8ec2c1cf2d272d"
  version = "v1.0.0"

[[projects]]
  name = "github.com/cenkalti/backoff"
  packages = ["."]
  revision = "61153c768f31ee5f130071d08fc82b85208528de"
  version = "v1.1.0"

[[projects]]
  branch = "master"
  name = "github.com/codahale/hdrhistogram"
  packages = ["."]
  revision = "3a0bb77429bd3a61596f5e8a3172445844342120"

[[projects]]
  name = "github.com/coreos/etcd"
  packages = ["client","pkg/pathutil","pkg/srv","pkg/tlsutil","pkg/transport","pkg/types","version"]
  revision = "1e1dbb23924672c6cd72c62ee0db2b45f778da71"
  version = "v3.2.11"

[[projects]]
  name = "github.com/coreos/go-oidc"
  packages = ["http","jose","key","oauth2","oidc"]
  revision = "e51edf2e47e65e5708600d4da6fca1388ee437b4"
  source = "github.com/gravitational/go-oidc"
  version = "v0.0.1"

[[projects]]
  name = "github.com/coreos/go-semver"
  packages = ["semver"]
  revision = "8ab6407b697782a06568d4b7f1db25550ec2e4c6"
  version = "v0.2.0"

[[projects]]
  name = "github.com/coreos/pkg"
  packages = ["health","httputil","timeutil"]
  revision = "3ac0863d7acf3bc44daf49afef8919af12f704ef"
  version = "v3"

[[projects]]
  branch = "master"
  name = "github.com/docker/docker"
  packages = ["pkg/term/windows"]
  revision = "5dc791c2debd561f61f04ec5a947f261fe79b275"

[[projects]]
  name = "github.com/fatih/color"
  packages = ["."]
  revision = "570b54cabe6b8eb0bc2dfce68d964677d63b5260"
  version = "v1.5.0"

[[projects]]
  name = "github.com/fatih/structs"
  packages = ["."]
  revision = "a720dfa8df582c51dee1b36feabb906bde1588bd"
  version = "v1.0"

[[projects]]
  name = "github.com/ghodss/yaml"
  packages = ["."]
  revision = "0ca9ea5df5451ffdf184b4428c902747c2c11cd7"
  version = "v1.0.0"

[[projects]]
  name = "github.com/go-ini/ini"
  packages = ["."]
  revision = "32e4c1e6bc4e7d0d8451aa6b75200d19e37a536a"
  version = "v1.32.0"

[[projects]]
  branch = "master"
  name = "github.com/gokyle/hotp"
  packages = ["."]
  revision = "c180d57d286b385101c999a60087a40d7f48fc77"

[[projects]]
  branch = "master"
  name = "github.com/golang/protobuf"
  packages = ["proto","protoc-gen-go/descriptor","ptypes","ptypes/any","ptypes/duration","ptypes/empty","ptypes/timestamp"]
  revision = "1e59b77b52bf8e4b449a57e6f79f21226d571845"

[[projects]]
  branch = "master"
  name = "github.com/gravitational/configure"
  packages = ["cstrings","jsonschema"]
  revision = "4e0f2df8846ee9557b5c88307a769ff2f85e89cd"

[[projects]]
  branch = "master"
  name = "github.com/gravitational/form"
  packages = ["."]
  revision = "c4048f792f70d207e6d8b9c1bf52319247f202b8"

[[projects]]
  branch = "master"
  name = "github.com/gravitational/kingpin"
  packages = ["."]
  revision = "52bc17adf63c0807b5e5b5d91350703630f621c7"

[[projects]]
  name = "github.com/gravitational/roundtrip"
  packages = ["."]
  revision = "ad87871f2c4d31b9bef3f3c6224c3f5e50d0bac1"
  version = "0.0.2"

[[projects]]
  name = "github.com/gravitational/teleport"
  packages = [".","integration","lib","lib/auth","lib/auth/native","lib/auth/testauthority","lib/backend","lib/backend/boltbk","lib/backend/dir","lib/backend/dynamo","lib/backend/etcdbk","lib/client","lib/defaults","lib/events","lib/httplib","lib/httplib/csrf","lib/limiter","lib/reversetunnel","lib/service","lib/services","lib/services/local","lib/session","lib/shell","lib/srv","lib/sshutils","lib/sshutils/scp","lib/state","lib/teleagent","lib/utils","lib/utils/parse","lib/utils/proxy","lib/web","lib/web/ui"]
  revision = "d19f8e79a4aec6dc3007969ac4b2d846c6dad4a0"
  version = "v2.3.6"

[[projects]]
  name = "github.com/gravitational/trace"
  packages = ["."]
  revision = "0bd13642feb8f57acc0d8e3a568edc34e05a74b9"
  version = "1.1.3"

[[projects]]
  name = "github.com/gravitational/ttlmap"
  packages = ["."]
  revision = "91fd36b9004c1ee5a778739752ea1aba5638c03a"
  version = "0.0.1"

[[projects]]
  name = "github.com/grpc-ecosystem/grpc-gateway"
  packages = ["third_party/googleapis/google/api"]
  revision = "a8f25bd1ab549f8b87afd48aa9181221e9d439bb"
  version = "v1.1.0"

[[projects]]
  name = "github.com/jmespath/go-jmespath"
  packages = ["."]
  revision = "0b12d6b5"

[[projects]]
  name = "github.com/jonboulle/clockwork"
  packages = ["."]
  revision = "2eee05ed794112d45db504eb05aa693efd2b8b09"
  version = "v0.1.0"

[[projects]]
  name = "github.com/julienschmidt/httprouter"
  packages = ["."]
  revision = "8c199fb6259ffc1af525cc3ad52ee60ba8359669"
  version = "v1.1"

[[projects]]
  branch = "master"
  name = "github.com/kardianos/osext"
  packages = ["."]
  revision = "ae77be60afb1dcacde03767a8c37337fad28ac14"

[[projects]]
  name = "github.com/kr/pty"
  packages = ["."]
  revision = "95d05c1eef33a45bd58676b6ce28d105839b8d0b"
  version = "v1.0.1"

[[projects]]
  name = "github.com/mailgun/holster"
  packages = ["."]
  revision = "0a24431be9a21b8044ddbd9e26ebcbcb294865b1"
  version = "v1.5.2"

[[projects]]
  name = "github.com/mailgun/lemma"
  packages = ["random","secret"]
  revision = "e8b0cd607f5855f9a4a33f8ae5d033178f559964"
  version = "0.0.2"

[[projects]]
  branch = "master"
  name = "github.com/mailgun/metrics"
  packages = ["."]
  revision = "fd99b46995bd989df0d163e320e18ea7285f211f"

[[projects]]
  branch = "master"
  name = "github.com/mailgun/minheap"
  packages = ["."]
  revision = "3dbe6c6bf55f94c5efcf460dc7f86830c21a90b2"

[[projects]]
  branch = "alexander/copy"
  name = "github.com/mailgun/oxy"
  packages = ["forward","utils"]
  revision = "0c3e45a1f7b20e1f818612ad4f42abfc0923f3d5"

[[projects]]
  branch = "master"
  name = "github.com/mailgun/timetools"
  packages = ["."]
  revision = "f3a7b8ffff474320c4f5cc564c9abb2c52ded8bc"

[[projects]]
  branch = "master"
  name = "github.com/mailgun/ttlmap"
  packages = ["."]
  revision = "c1c17f74874f2a5ea48bfb06b5459d4ef2689749"

[[projects]]
  name = "github.com/mattn/go-colorable"
  packages = ["."]
  revision = "167de6bfdfba052fa6b2d3664c8f5272e23c9072"
  version = "v0.0.9"

[[projects]]
  name = "github.com/mattn/go-isatty"
  packages = ["."]
  revision = "0360b2af4f38e8d38c7fce2a9f4e702702d73a39"
  version = "v0.0.3"

[[projects]]
  name = "github.com/matttproud/golang_protobuf_extensions"
  packages = ["pbutil"]
  revision = "3247c84500bff8d9fb6d579d800f20b3e091582c"
  version = "v1.0.0"

[[projects]]
  branch = "master"
  name = "github.com/mdp/rsc"
  packages = ["gf256","qr","qr/coding"]
  revision = "90f07065088deccf50b28eb37c93dad3078c0f3c"

[[projects]]
  name = "github.com/moby/moby"
  packages = ["pkg/term"]
  revision = "092cba3727bb9b4a2f0e922cd6c0f93ea270e363"
  version = "v1.13.1"

[[projects]]
  name = "github.com/pborman/uuid"
  packages = ["."]
  revision = "e790cca94e6cc75c7064b1332e63811d4aae1a53"
  version = "v1.1"

[[projects]]
  name = "github.com/pkg/errors"
  packages = ["."]
  revision = "645ef00459ed84a119197bfb8d8205042c6df63d"
  version = "v0.8.0"

[[projects]]
  name = "github.com/pquerna/otp"
  packages = [".","hotp","totp"]
  revision = "b7b89250c468c06871d3837bee02e2d5c155ae19"
  version = "v1.0.0"

[[projects]]
  name = "github.com/prometheus/client_golang"
  packages = ["prometheus"]
  revision = "c5b7fccd204277076155f10851dad72b76a49317"
  version = "v0.8.0"

[[projects]]
  branch = "master"
  name = "github.com/prometheus/client_model"
  packages = ["go"]
  revision = "99fa1f4be8e564e8a6b613da7fa6f46c9edafc6c"

[[projects]]
  branch = "master"
  name = "github.com/prometheus/common"
  packages = ["expfmt","internal/bitbucket.org/ww/goautoneg","model"]
  revision = "2e54d0b93cba2fd133edc32211dcc32c06ef72ca"

[[projects]]
  branch = "master"
  name = "github.com/prometheus/procfs"
  packages = [".","xfs"]
  revision = "a6e9df898b1336106c743392c48ee0b71f5c4efa"

[[projects]]
  name = "github.com/russellhaering/gosaml2"
  packages = [".","types"]
  revision = "82a6e6132741c96a25969cec66912b6c24fcbd5f"

[[projects]]
  branch = "master"
  name = "github.com/russellhaering/goxmldsig"
  packages = [".","etreeutils","types"]
  revision = "b7efc6231e45b10bfd779852831c8bb59b350ec5"

[[projects]]
  name = "github.com/satori/go.uuid"
  packages = ["."]
  revision = "879c5887cd475cd7864858769793b2ceb0d44feb"
  version = "v1.1.0"

[[projects]]
  name = "github.com/sirupsen/logrus"
  packages = [".","hooks/syslog"]
  revision = "d682213848ed68c0a260ca37d6dd5ace8423f5ba"
  version = "v1.0.4"

[[projects]]
  name = "github.com/tstranex/u2f"
  packages = ["."]
  revision = "eb799ce68da4150b16ff5d0c89a24e2a2ad993d8"

[[projects]]
  name = "github.com/ugorji/go"
  packages = ["codec"]
  revision = "646ae4a518c1c3be0739df898118d9bccf993858"

[[projects]]
  branch = "master"
  name = "github.com/vulcand/oxy"
  packages = ["connlimit","ratelimit","utils"]
  revision = "4ce46c197bfa755a828cf04a083e20291f98f590"

[[projects]]
  name = "github.com/vulcand/predicate"
  packages = ["."]
  revision = "939c094524d124c55fa8afe0e077701db4a865e2"
  version = "v1.0.0"

[[projects]]
  branch = "master"
  name = "github.com/xeipuuv/gojsonpointer"
  packages = ["."]
  revision = "6fe8760cad3569743d51ddbb243b26f8456742dc"

[[projects]]
  branch = "master"
  name = "github.com/xeipuuv/gojsonreference"
  packages = ["."]
  revision = "e02fc20de94c78484cd5ffb007f8af96be030a45"

[[projects]]
  branch = "master"
  name = "github.com/xeipuuv/gojsonschema"
  packages = ["."]
  revision = "212d8a0df7acfab8bdd190a7a69f0ab7376edcc8"

[[projects]]
  name = "golang.org/x/crypto"
  packages = ["bcrypt","blowfish","curve25519","ed25519","ed25519/internal/edwards25519","nacl/secretbox","poly1305","salsa20/salsa","ssh","ssh/agent","ssh/terminal"]
  revision = "453249f01cfeb54c3d549ddb75ff152ca243f9d8"

[[projects]]
  branch = "master"
  name = "golang.org/x/net"
  packages = ["context","http2","http2/hpack","idna","internal/timeseries","lex/httplex","trace","websocket"]
  revision = "d866cfc389cec985d6fda2859936a575a55a3ab6"

[[projects]]
  branch = "master"
  name = "golang.org/x/sys"
  packages = ["unix"]
  revision = "53aa286056ef226755cd898109dbcdaba8ac0b81"

[[projects]]
  branch = "master"
  name = "golang.org/x/text"
  packages = ["collate","collate/build","encoding","encoding/internal","encoding/internal/identifier","encoding/unicode","internal/colltab","internal/gen","internal/tag","internal/triegen","internal/ucd","internal/utf8internal","language","runes","secure/bidirule","transform","unicode/bidi","unicode/cldr","unicode/norm","unicode/rangetable"]
  revision = "3b24cac7bc3a458991ab409aa2a339ac9e0d60d6"

[[projects]]
  branch = "master"
  name = "google.golang.org/genproto"
  packages = ["googleapis/rpc/status"]
  revision = "a8101f21cf983e773d0c1133ebc5424792003214"

[[projects]]
  name = "google.golang.org/grpc"
  packages = [".","balancer","balancer/roundrobin","codes","connectivity","credentials","encoding","grpclb/grpc_lb_v1/messages","grpclog","internal","keepalive","metadata","naming","peer","resolver","resolver/dns","resolver/passthrough","stats","status","tap","transport"]
  revision = "e687fa4e6424368ece6e4fe727cea2c806a0fcb4"
  version = "v1.8.2"

[[projects]]
  branch = "v2"
  name = "gopkg.in/mgo.v2"
  packages = ["bson","internal/json"]
  revision = "3f83fa5005286a7fe593b055f0d7771a7dce4655"

[[projects]]
  branch = "v2"
  name = "gopkg.in/yaml.v2"
  packages = ["."]
  revision = "287cf08546ab5e7e37d55a84f7ed3fd1db036de5"

[solve-meta]
  analyzer-name = "dep"
  analyzer-version = 1
  inputs-digest = "2fdc7de43790570bb667515f20f4d4198bcbeb6706801390d7242020d79b8eae"
  solver-name = "gps-cdcl"
  solver-version = 1
